// !$*UTF8*$!
{
	archiveVersion = 1;
	classes = {
	};
	objectVersion = 50;
	objects = {

/* Begin PBXBuildFile section */
		B5005EEE261B7BD400399E6B /* CardTableCell.swift in Sources */ = {isa = PBXBuildFile; fileRef = B5005EED261B7BD400399E6B /* CardTableCell.swift */; };
		B5005EF2261B832900399E6B /* CardFilterItem.swift in Sources */ = {isa = PBXBuildFile; fileRef = B5005EF1261B832900399E6B /* CardFilterItem.swift */; };
		B5005EF6261B85E000399E6B /* FilterCardView.swift in Sources */ = {isa = PBXBuildFile; fileRef = B5005EF5261B85E000399E6B /* FilterCardView.swift */; };
		B5005EF9261B878D00399E6B /* ReuseIdentifiable.swift in Sources */ = {isa = PBXBuildFile; fileRef = B5005EF8261B878D00399E6B /* ReuseIdentifiable.swift */; };
		B5005EFD261BA2FE00399E6B /* FilterOption.swift in Sources */ = {isa = PBXBuildFile; fileRef = B5005EFC261BA2FE00399E6B /* FilterOption.swift */; };
		B5005F01261BBADA00399E6B /* CardClosable.swift in Sources */ = {isa = PBXBuildFile; fileRef = B5005F00261BBADA00399E6B /* CardClosable.swift */; };
		B5F37EEA261A1F3F0010A706 /* AppDelegate.swift in Sources */ = {isa = PBXBuildFile; fileRef = B5F37EE9261A1F3F0010A706 /* AppDelegate.swift */; };
		B5F37EEC261A1F3F0010A706 /* SceneDelegate.swift in Sources */ = {isa = PBXBuildFile; fileRef = B5F37EEB261A1F3F0010A706 /* SceneDelegate.swift */; };
		B5F37EEE261A1F3F0010A706 /* ExampleViewController.swift in Sources */ = {isa = PBXBuildFile; fileRef = B5F37EED261A1F3F0010A706 /* ExampleViewController.swift */; };
		B5F37EF3261A1F400010A706 /* Assets.xcassets in Resources */ = {isa = PBXBuildFile; fileRef = B5F37EF2261A1F400010A706 /* Assets.xcassets */; };
		B5F37EF6261A1F400010A706 /* LaunchScreen.storyboard in Resources */ = {isa = PBXBuildFile; fileRef = B5F37EF4261A1F400010A706 /* LaunchScreen.storyboard */; };
		B5F37F03261A1FEF0010A706 /* .gitignore in Resources */ = {isa = PBXBuildFile; fileRef = B5F37F02261A1FEF0010A706 /* .gitignore */; };
		B5F37F0B261A21BD0010A706 /* CardViewController.swift in Sources */ = {isa = PBXBuildFile; fileRef = B5F37F0A261A21BD0010A706 /* CardViewController.swift */; };
		B5F37F0E261A21F70010A706 /* CardView.swift in Sources */ = {isa = PBXBuildFile; fileRef = B5F37F0D261A21F70010A706 /* CardView.swift */; };
		B5F37F12261A245E0010A706 /* UIView+Ext.swift in Sources */ = {isa = PBXBuildFile; fileRef = B5F37F11261A245E0010A706 /* UIView+Ext.swift */; };
		B5F37F1B261A25180010A706 /* EventPublisher.swift in Sources */ = {isa = PBXBuildFile; fileRef = B5F37F15261A25170010A706 /* EventPublisher.swift */; };
		B5F37F1C261A25180010A706 /* GestureSubscription.swift in Sources */ = {isa = PBXBuildFile; fileRef = B5F37F17261A25180010A706 /* GestureSubscription.swift */; };
		B5F37F1D261A25180010A706 /* GestureType.swift in Sources */ = {isa = PBXBuildFile; fileRef = B5F37F18261A25180010A706 /* GestureType.swift */; };
		B5F37F1E261A25180010A706 /* UIViewGesture+Ext.swift in Sources */ = {isa = PBXBuildFile; fileRef = B5F37F19261A25180010A706 /* UIViewGesture+Ext.swift */; };
		B5F37F1F261A25180010A706 /* GesturePublisher.swift in Sources */ = {isa = PBXBuildFile; fileRef = B5F37F1A261A25180010A706 /* GesturePublisher.swift */; };
		B5F37F24261A2C3F0010A706 /* GestureHandler.swift in Sources */ = {isa = PBXBuildFile; fileRef = B5F37F23261A2C3F0010A706 /* GestureHandler.swift */; };
		B5F37F27261A4A450010A706 /* CardAnimation.swift in Sources */ = {isa = PBXBuildFile; fileRef = B5F37F26261A4A450010A706 /* CardAnimation.swift */; };
		B5F37F2A261A4AF50010A706 /* CardState.swift in Sources */ = {isa = PBXBuildFile; fileRef = B5F37F29261A4AF50010A706 /* CardState.swift */; };
/* End PBXBuildFile section */

/* Begin PBXFileReference section */
		B5005EED261B7BD400399E6B /* CardTableCell.swift */ = {isa = PBXFileReference; lastKnownFileType = sourcecode.swift; path = CardTableCell.swift; sourceTree = "<group>"; };
		B5005EF1261B832900399E6B /* CardFilterItem.swift */ = {isa = PBXFileReference; lastKnownFileType = sourcecode.swift; path = CardFilterItem.swift; sourceTree = "<group>"; };
		B5005EF5261B85E000399E6B /* FilterCardView.swift */ = {isa = PBXFileReference; lastKnownFileType = sourcecode.swift; path = FilterCardView.swift; sourceTree = "<group>"; };
		B5005EF8261B878D00399E6B /* ReuseIdentifiable.swift */ = {isa = PBXFileReference; lastKnownFileType = sourcecode.swift; path = ReuseIdentifiable.swift; sourceTree = "<group>"; };
		B5005EFC261BA2FE00399E6B /* FilterOption.swift */ = {isa = PBXFileReference; lastKnownFileType = sourcecode.swift; path = FilterOption.swift; sourceTree = "<group>"; };
		B5005F00261BBADA00399E6B /* CardClosable.swift */ = {isa = PBXFileReference; lastKnownFileType = sourcecode.swift; path = CardClosable.swift; sourceTree = "<group>"; };
		B5F37EE6261A1F3F0010A706 /* FloatingCardSelector.app */ = {isa = PBXFileReference; explicitFileType = wrapper.application; includeInIndex = 0; path = FloatingCardSelector.app; sourceTree = BUILT_PRODUCTS_DIR; };
		B5F37EE9261A1F3F0010A706 /* AppDelegate.swift */ = {isa = PBXFileReference; lastKnownFileType = sourcecode.swift; path = AppDelegate.swift; sourceTree = "<group>"; };
		B5F37EEB261A1F3F0010A706 /* SceneDelegate.swift */ = {isa = PBXFileReference; lastKnownFileType = sourcecode.swift; path = SceneDelegate.swift; sourceTree = "<group>"; };
		B5F37EED261A1F3F0010A706 /* ExampleViewController.swift */ = {isa = PBXFileReference; lastKnownFileType = sourcecode.swift; path = ExampleViewController.swift; sourceTree = "<group>"; };
		B5F37EF2261A1F400010A706 /* Assets.xcassets */ = {isa = PBXFileReference; lastKnownFileType = folder.assetcatalog; path = Assets.xcassets; sourceTree = "<group>"; };
		B5F37EF5261A1F400010A706 /* Base */ = {isa = PBXFileReference; lastKnownFileType = file.storyboard; name = Base; path = Base.lproj/LaunchScreen.storyboard; sourceTree = "<group>"; };
		B5F37EF7261A1F400010A706 /* Info.plist */ = {isa = PBXFileReference; lastKnownFileType = text.plist.xml; path = Info.plist; sourceTree = "<group>"; };
		B5F37F02261A1FEF0010A706 /* .gitignore */ = {isa = PBXFileReference; fileEncoding = 4; lastKnownFileType = text; path = .gitignore; sourceTree = "<group>"; };
		B5F37F0A261A21BD0010A706 /* CardViewController.swift */ = {isa = PBXFileReference; lastKnownFileType = sourcecode.swift; path = CardViewController.swift; sourceTree = "<group>"; };
		B5F37F0D261A21F70010A706 /* CardView.swift */ = {isa = PBXFileReference; lastKnownFileType = sourcecode.swift; path = CardView.swift; sourceTree = "<group>"; };
		B5F37F11261A245E0010A706 /* UIView+Ext.swift */ = {isa = PBXFileReference; lastKnownFileType = sourcecode.swift; path = "UIView+Ext.swift"; sourceTree = "<group>"; };
		B5F37F15261A25170010A706 /* EventPublisher.swift */ = {isa = PBXFileReference; fileEncoding = 4; lastKnownFileType = sourcecode.swift; path = EventPublisher.swift; sourceTree = "<group>"; };
		B5F37F17261A25180010A706 /* GestureSubscription.swift */ = {isa = PBXFileReference; fileEncoding = 4; lastKnownFileType = sourcecode.swift; path = GestureSubscription.swift; sourceTree = "<group>"; };
		B5F37F18261A25180010A706 /* GestureType.swift */ = {isa = PBXFileReference; fileEncoding = 4; lastKnownFileType = sourcecode.swift; path = GestureType.swift; sourceTree = "<group>"; };
		B5F37F19261A25180010A706 /* UIViewGesture+Ext.swift */ = {isa = PBXFileReference; fileEncoding = 4; lastKnownFileType = sourcecode.swift; path = "UIViewGesture+Ext.swift"; sourceTree = "<group>"; };
		B5F37F1A261A25180010A706 /* GesturePublisher.swift */ = {isa = PBXFileReference; fileEncoding = 4; lastKnownFileType = sourcecode.swift; path = GesturePublisher.swift; sourceTree = "<group>"; };
		B5F37F23261A2C3F0010A706 /* GestureHandler.swift */ = {isa = PBXFileReference; lastKnownFileType = sourcecode.swift; path = GestureHandler.swift; sourceTree = "<group>"; };
		B5F37F26261A4A450010A706 /* CardAnimation.swift */ = {isa = PBXFileReference; lastKnownFileType = sourcecode.swift; path = CardAnimation.swift; sourceTree = "<group>"; };
		B5F37F29261A4AF50010A706 /* CardState.swift */ = {isa = PBXFileReference; lastKnownFileType = sourcecode.swift; path = CardState.swift; sourceTree = "<group>"; };
/* End PBXFileReference section */

/* Begin PBXFrameworksBuildPhase section */
		B5F37EE3261A1F3F0010A706 /* Frameworks */ = {
			isa = PBXFrameworksBuildPhase;
			buildActionMask = 2147483647;
			files = (
			);
			runOnlyForDeploymentPostprocessing = 0;
		};
/* End PBXFrameworksBuildPhase section */

/* Begin PBXGroup section */
		B5005EF4261B85A100399E6B /* FilterTableView */ = {
			isa = PBXGroup;
			children = (
				B5005EF5261B85E000399E6B /* FilterCardView.swift */,
				B5005EED261B7BD400399E6B /* CardTableCell.swift */,
				B5005EF1261B832900399E6B /* CardFilterItem.swift */,
				B5005EF8261B878D00399E6B /* ReuseIdentifiable.swift */,
			);
			path = FilterTableView;
			sourceTree = "<group>";
		};
		B5F37EDD261A1F3F0010A706 = {
			isa = PBXGroup;
			children = (
				B5F37F02261A1FEF0010A706 /* .gitignore */,
				B5F37EE8261A1F3F0010A706 /* FloatingCardSelector */,
				B5F37EE7261A1F3F0010A706 /* Products */,
			);
			sourceTree = "<group>";
		};
		B5F37EE7261A1F3F0010A706 /* Products */ = {
			isa = PBXGroup;
			children = (
				B5F37EE6261A1F3F0010A706 /* FloatingCardSelector.app */,
			);
			name = Products;
			sourceTree = "<group>";
		};
		B5F37EE8261A1F3F0010A706 /* FloatingCardSelector */ = {
			isa = PBXGroup;
			children = (
				B5F37EE9261A1F3F0010A706 /* AppDelegate.swift */,
				B5F37EEB261A1F3F0010A706 /* SceneDelegate.swift */,
				B5005EFC261BA2FE00399E6B /* FilterOption.swift */,
				B5F37EED261A1F3F0010A706 /* ExampleViewController.swift */,
				B5F37F07261A20B00010A706 /* FloatingCard */,
				B5F37F10261A24360010A706 /* Extensions */,
				B5F37EF2261A1F400010A706 /* Assets.xcassets */,
				B5F37EF4261A1F400010A706 /* LaunchScreen.storyboard */,
				B5F37EF7261A1F400010A706 /* Info.plist */,
			);
			path = FloatingCardSelector;
			sourceTree = "<group>";
		};
		B5F37F07261A20B00010A706 /* FloatingCard */ = {
			isa = PBXGroup;
			children = (
				B5F37F0A261A21BD0010A706 /* CardViewController.swift */,
				B5F37F0D261A21F70010A706 /* CardView.swift */,
				B5F37F23261A2C3F0010A706 /* GestureHandler.swift */,
				B5F37F26261A4A450010A706 /* CardAnimation.swift */,
				B5F37F29261A4AF50010A706 /* CardState.swift */,
				B5005F00261BBADA00399E6B /* CardClosable.swift */,
				B5005EF4261B85A100399E6B /* FilterTableView */,
			);
			path = FloatingCard;
			sourceTree = "<group>";
		};
		B5F37F10261A24360010A706 /* Extensions */ = {
			isa = PBXGroup;
			children = (
				B5F37F11261A245E0010A706 /* UIView+Ext.swift */,
				B5F37F14261A25170010A706 /* UIControl+Combine */,
				B5F37F16261A25170010A706 /* UIViewGestures+Combine */,
			);
			path = Extensions;
			sourceTree = "<group>";
		};
		B5F37F14261A25170010A706 /* UIControl+Combine */ = {
			isa = PBXGroup;
			children = (
				B5F37F15261A25170010A706 /* EventPublisher.swift */,
			);
			path = "UIControl+Combine";
			sourceTree = "<group>";
		};
		B5F37F16261A25170010A706 /* UIViewGestures+Combine */ = {
			isa = PBXGroup;
			children = (
				B5F37F17261A25180010A706 /* GestureSubscription.swift */,
				B5F37F18261A25180010A706 /* GestureType.swift */,
				B5F37F19261A25180010A706 /* UIViewGesture+Ext.swift */,
				B5F37F1A261A25180010A706 /* GesturePublisher.swift */,
			);
			path = "UIViewGestures+Combine";
			sourceTree = "<group>";
		};
/* End PBXGroup section */

/* Begin PBXNativeTarget section */
		B5F37EE5261A1F3F0010A706 /* FloatingCardSelector */ = {
			isa = PBXNativeTarget;
			buildConfigurationList = B5F37EFA261A1F400010A706 /* Build configuration list for PBXNativeTarget "FloatingCardSelector" */;
			buildPhases = (
				B5F37EE2261A1F3F0010A706 /* Sources */,
				B5F37EE3261A1F3F0010A706 /* Frameworks */,
				B5F37EE4261A1F3F0010A706 /* Resources */,
			);
			buildRules = (
			);
			dependencies = (
			);
			name = FloatingCardSelector;
			productName = FloatingCardSelector;
			productReference = B5F37EE6261A1F3F0010A706 /* FloatingCardSelector.app */;
			productType = "com.apple.product-type.application";
		};
/* End PBXNativeTarget section */

/* Begin PBXProject section */
		B5F37EDE261A1F3F0010A706 /* Project object */ = {
			isa = PBXProject;
			attributes = {
				LastSwiftUpdateCheck = 1240;
				LastUpgradeCheck = 1240;
				TargetAttributes = {
					B5F37EE5261A1F3F0010A706 = {
						CreatedOnToolsVersion = 12.4;
					};
				};
			};
			buildConfigurationList = B5F37EE1261A1F3F0010A706 /* Build configuration list for PBXProject "FloatingCardSelector" */;
			compatibilityVersion = "Xcode 9.3";
			developmentRegion = en;
			hasScannedForEncodings = 0;
			knownRegions = (
				en,
				Base,
			);
			mainGroup = B5F37EDD261A1F3F0010A706;
			productRefGroup = B5F37EE7261A1F3F0010A706 /* Products */;
			projectDirPath = "";
			projectRoot = "";
			targets = (
				B5F37EE5261A1F3F0010A706 /* FloatingCardSelector */,
			);
		};
/* End PBXProject section */

/* Begin PBXResourcesBuildPhase section */
		B5F37EE4261A1F3F0010A706 /* Resources */ = {
			isa = PBXResourcesBuildPhase;
			buildActionMask = 2147483647;
			files = (
				B5F37F03261A1FEF0010A706 /* .gitignore in Resources */,
				B5F37EF6261A1F400010A706 /* LaunchScreen.storyboard in Resources */,
				B5F37EF3261A1F400010A706 /* Assets.xcassets in Resources */,
			);
			runOnlyForDeploymentPostprocessing = 0;
		};
/* End PBXResourcesBuildPhase section */

/* Begin PBXSourcesBuildPhase section */
		B5F37EE2261A1F3F0010A706 /* Sources */ = {
			isa = PBXSourcesBuildPhase;
			buildActionMask = 2147483647;
			files = (
				B5F37F1E261A25180010A706 /* UIViewGesture+Ext.swift in Sources */,
				B5005EF6261B85E000399E6B /* FilterCardView.swift in Sources */,
				B5F37F1C261A25180010A706 /* GestureSubscription.swift in Sources */,
				B5F37F1B261A25180010A706 /* EventPublisher.swift in Sources */,
				B5005EF9261B878D00399E6B /* ReuseIdentifiable.swift in Sources */,
				B5005EFD261BA2FE00399E6B /* FilterOption.swift in Sources */,
				B5F37EEE261A1F3F0010A706 /* ExampleViewController.swift in Sources */,
				B5F37EEA261A1F3F0010A706 /* AppDelegate.swift in Sources */,
				B5F37F2A261A4AF50010A706 /* CardState.swift in Sources */,
				B5005F01261BBADA00399E6B /* CardClosable.swift in Sources */,
				B5F37F12261A245E0010A706 /* UIView+Ext.swift in Sources */,
				B5F37F1D261A25180010A706 /* GestureType.swift in Sources */,
				B5F37F27261A4A450010A706 /* CardAnimation.swift in Sources */,
				B5F37F1F261A25180010A706 /* GesturePublisher.swift in Sources */,
				B5005EEE261B7BD400399E6B /* CardTableCell.swift in Sources */,
				B5F37F24261A2C3F0010A706 /* GestureHandler.swift in Sources */,
				B5F37F0B261A21BD0010A706 /* CardViewController.swift in Sources */,
				B5F37EEC261A1F3F0010A706 /* SceneDelegate.swift in Sources */,
				B5005EF2261B832900399E6B /* CardFilterItem.swift in Sources */,
				B5F37F0E261A21F70010A706 /* CardView.swift in Sources */,
			);
			runOnlyForDeploymentPostprocessing = 0;
		};
/* End PBXSourcesBuildPhase section */

/* Begin PBXVariantGroup section */
		B5F37EF4261A1F400010A706 /* LaunchScreen.storyboard */ = {
			isa = PBXVariantGroup;
			children = (
				B5F37EF5261A1F400010A706 /* Base */,
			);
			name = LaunchScreen.storyboard;
			sourceTree = "<group>";
		};
/* End PBXVariantGroup section */

/* Begin XCBuildConfiguration section */
		B5F37EF8261A1F400010A706 /* Debug */ = {
			isa = XCBuildConfiguration;
			buildSettings = {
				ALWAYS_SEARCH_USER_PATHS = NO;
				CLANG_ANALYZER_NONNULL = YES;
				CLANG_ANALYZER_NUMBER_OBJECT_CONVERSION = YES_AGGRESSIVE;
				CLANG_CXX_LANGUAGE_STANDARD = "gnu++14";
				CLANG_CXX_LIBRARY = "libc++";
				CLANG_ENABLE_MODULES = YES;
				CLANG_ENABLE_OBJC_ARC = YES;
				CLANG_ENABLE_OBJC_WEAK = YES;
				CLANG_WARN_BLOCK_CAPTURE_AUTORELEASING = YES;
				CLANG_WARN_BOOL_CONVERSION = YES;
				CLANG_WARN_COMMA = YES;
				CLANG_WARN_CONSTANT_CONVERSION = YES;
				CLANG_WARN_DEPRECATED_OBJC_IMPLEMENTATIONS = YES;
				CLANG_WARN_DIRECT_OBJC_ISA_USAGE = YES_ERROR;
				CLANG_WARN_DOCUMENTATION_COMMENTS = YES;
				CLANG_WARN_EMPTY_BODY = YES;
				CLANG_WARN_ENUM_CONVERSION = YES;
				CLANG_WARN_INFINITE_RECURSION = YES;
				CLANG_WARN_INT_CONVERSION = YES;
				CLANG_WARN_NON_LITERAL_NULL_CONVERSION = YES;
				CLANG_WARN_OBJC_IMPLICIT_RETAIN_SELF = YES;
				CLANG_WARN_OBJC_LITERAL_CONVERSION = YES;
				CLANG_WARN_OBJC_ROOT_CLASS = YES_ERROR;
				CLANG_WARN_QUOTED_INCLUDE_IN_FRAMEWORK_HEADER = YES;
				CLANG_WARN_RANGE_LOOP_ANALYSIS = YES;
				CLANG_WARN_STRICT_PROTOTYPES = YES;
				CLANG_WARN_SUSPICIOUS_MOVE = YES;
				CLANG_WARN_UNGUARDED_AVAILABILITY = YES_AGGRESSIVE;
				CLANG_WARN_UNREACHABLE_CODE = YES;
				CLANG_WARN__DUPLICATE_METHOD_MATCH = YES;
				COPY_PHASE_STRIP = NO;
				DEBUG_INFORMATION_FORMAT = dwarf;
				ENABLE_STRICT_OBJC_MSGSEND = YES;
				ENABLE_TESTABILITY = YES;
				GCC_C_LANGUAGE_STANDARD = gnu11;
				GCC_DYNAMIC_NO_PIC = NO;
				GCC_NO_COMMON_BLOCKS = YES;
				GCC_OPTIMIZATION_LEVEL = 0;
				GCC_PREPROCESSOR_DEFINITIONS = (
					"DEBUG=1",
					"$(inherited)",
				);
				GCC_WARN_64_TO_32_BIT_CONVERSION = YES;
				GCC_WARN_ABOUT_RETURN_TYPE = YES_ERROR;
				GCC_WARN_UNDECLARED_SELECTOR = YES;
				GCC_WARN_UNINITIALIZED_AUTOS = YES_AGGRESSIVE;
				GCC_WARN_UNUSED_FUNCTION = YES;
				GCC_WARN_UNUSED_VARIABLE = YES;
				IPHONEOS_DEPLOYMENT_TARGET = 14.4;
				MTL_ENABLE_DEBUG_INFO = INCLUDE_SOURCE;
				MTL_FAST_MATH = YES;
				ONLY_ACTIVE_ARCH = YES;
				SDKROOT = iphoneos;
				SWIFT_ACTIVE_COMPILATION_CONDITIONS = DEBUG;
				SWIFT_OPTIMIZATION_LEVEL = "-Onone";
			};
			name = Debug;
		};
		B5F37EF9261A1F400010A706 /* Release */ = {
			isa = XCBuildConfiguration;
			buildSettings = {
				ALWAYS_SEARCH_USER_PATHS = NO;
				CLANG_ANALYZER_NONNULL = YES;
				CLANG_ANALYZER_NUMBER_OBJECT_CONVERSION = YES_AGGRESSIVE;
				CLANG_CXX_LANGUAGE_STANDARD = "gnu++14";
				CLANG_CXX_LIBRARY = "libc++";
				CLANG_ENABLE_MODULES = YES;
				CLANG_ENABLE_OBJC_ARC = YES;
				CLANG_ENABLE_OBJC_WEAK = YES;
				CLANG_WARN_BLOCK_CAPTURE_AUTORELEASING = YES;
				CLANG_WARN_BOOL_CONVERSION = YES;
				CLANG_WARN_COMMA = YES;
				CLANG_WARN_CONSTANT_CONVERSION = YES;
				CLANG_WARN_DEPRECATED_OBJC_IMPLEMENTATIONS = YES;
				CLANG_WARN_DIRECT_OBJC_ISA_USAGE = YES_ERROR;
				CLANG_WARN_DOCUMENTATION_COMMENTS = YES;
				CLANG_WARN_EMPTY_BODY = YES;
				CLANG_WARN_ENUM_CONVERSION = YES;
				CLANG_WARN_INFINITE_RECURSION = YES;
				CLANG_WARN_INT_CONVERSION = YES;
				CLANG_WARN_NON_LITERAL_NULL_CONVERSION = YES;
				CLANG_WARN_OBJC_IMPLICIT_RETAIN_SELF = YES;
				CLANG_WARN_OBJC_LITERAL_CONVERSION = YES;
				CLANG_WARN_OBJC_ROOT_CLASS = YES_ERROR;
				CLANG_WARN_QUOTED_INCLUDE_IN_FRAMEWORK_HEADER = YES;
				CLANG_WARN_RANGE_LOOP_ANALYSIS = YES;
				CLANG_WARN_STRICT_PROTOTYPES = YES;
				CLANG_WARN_SUSPICIOUS_MOVE = YES;
				CLANG_WARN_UNGUARDED_AVAILABILITY = YES_AGGRESSIVE;
				CLANG_WARN_UNREACHABLE_CODE = YES;
				CLANG_WARN__DUPLICATE_METHOD_MATCH = YES;
				COPY_PHASE_STRIP = NO;
				DEBUG_INFORMATION_FORMAT = "dwarf-with-dsym";
				ENABLE_NS_ASSERTIONS = NO;
				ENABLE_STRICT_OBJC_MSGSEND = YES;
				GCC_C_LANGUAGE_STANDARD = gnu11;
				GCC_NO_COMMON_BLOCKS = YES;
				GCC_WARN_64_TO_32_BIT_CONVERSION = YES;
				GCC_WARN_ABOUT_RETURN_TYPE = YES_ERROR;
				GCC_WARN_UNDECLARED_SELECTOR = YES;
				GCC_WARN_UNINITIALIZED_AUTOS = YES_AGGRESSIVE;
				GCC_WARN_UNUSED_FUNCTION = YES;
				GCC_WARN_UNUSED_VARIABLE = YES;
				IPHONEOS_DEPLOYMENT_TARGET = 14.4;
				MTL_ENABLE_DEBUG_INFO = NO;
				MTL_FAST_MATH = YES;
				SDKROOT = iphoneos;
				SWIFT_COMPILATION_MODE = wholemodule;
				SWIFT_OPTIMIZATION_LEVEL = "-O";
				VALIDATE_PRODUCT = YES;
			};
			name = Release;
		};
		B5F37EFB261A1F400010A706 /* Debug */ = {
			isa = XCBuildConfiguration;
			buildSettings = {
				ASSETCATALOG_COMPILER_APPICON_NAME = AppIcon;
				ASSETCATALOG_COMPILER_GLOBAL_ACCENT_COLOR_NAME = AccentColor;
				CODE_SIGN_STYLE = Automatic;
				DEVELOPMENT_TEAM = KELPFZXFAP;
				INFOPLIST_FILE = FloatingCardSelector/Info.plist;
				LD_RUNPATH_SEARCH_PATHS = (
					"$(inherited)",
					"@executable_path/Frameworks",
				);
				PRODUCT_BUNDLE_IDENTIFIER = com.belenko.FloatingCardSelector;
				PRODUCT_NAME = "$(TARGET_NAME)";
				SWIFT_VERSION = 5.0;
				TARGETED_DEVICE_FAMILY = "1,2";
			};
			name = Debug;
		};
		B5F37EFC261A1F400010A706 /* Release */ = {
			isa = XCBuildConfiguration;
			buildSettings = {
				ASSETCATALOG_COMPILER_APPICON_NAME = AppIcon;
				ASSETCATALOG_COMPILER_GLOBAL_ACCENT_COLOR_NAME = AccentColor;
				CODE_SIGN_STYLE = Automatic;
				DEVELOPMENT_TEAM = KELPFZXFAP;
				INFOPLIST_FILE = FloatingCardSelector/Info.plist;
				LD_RUNPATH_SEARCH_PATHS = (
					"$(inherited)",
					"@executable_path/Frameworks",
				);
				PRODUCT_BUNDLE_IDENTIFIER = com.belenko.FloatingCardSelector;
				PRODUCT_NAME = "$(TARGET_NAME)";
				SWIFT_VERSION = 5.0;
				TARGETED_DEVICE_FAMILY = "1,2";
			};
			name = Release;
		};
/* End XCBuildConfiguration section */

/* Begin XCConfigurationList section */
		B5F37EE1261A1F3F0010A706 /* Build configuration list for PBXProject "FloatingCardSelector" */ = {
			isa = XCConfigurationList;
			buildConfigurations = (
				B5F37EF8261A1F400010A706 /* Debug */,
				B5F37EF9261A1F400010A706 /* Release */,
			);
			defaultConfigurationIsVisible = 0;
			defaultConfigurationName = Release;
		};
		B5F37EFA261A1F400010A706 /* Build configuration list for PBXNativeTarget "FloatingCardSelector" */ = {
			isa = XCConfigurationList;
			buildConfigurations = (
				B5F37EFB261A1F400010A706 /* Debug */,
				B5F37EFC261A1F400010A706 /* Release */,
			);
			defaultConfigurationIsVisible = 0;
			defaultConfigurationName = Release;
		};
/* End XCConfigurationList section */
	};
	rootObject = B5F37EDE261A1F3F0010A706 /* Project object */;
}
